{
  "lockfileVersion": 1,
  "configVersion": 1,
  "workspaces": {
    "": {
      "devDependencies": {
        "@napi-rs/canvas": "^0.1.88",
        "@types/bun": "^1.3.5",
        "@types/fontkit": "^2.0.8",
        "fontkit": "^2.0.4",
      },
    },
  },
  "packages": {
    "@napi-rs/canvas": ["@napi-rs/canvas@0.1.88", "", { "optionalDependencies": { "@napi-rs/canvas-android-arm64": "0.1.88", "@napi-rs/canvas-darwin-arm64": "0.1.88", "@napi-rs/canvas-darwin-x64": "0.1.88", "@napi-rs/canvas-linux-arm-gnueabihf": "0.1.88", "@napi-rs/canvas-linux-arm64-gnu": "0.1.88", "@napi-rs/canvas-linux-arm64-musl": "0.1.88", "@napi-rs/canvas-linux-riscv64-gnu": "0.1.88", "@napi-rs/canvas-linux-x64-gnu": "0.1.88", "@napi-rs/canvas-linux-x64-musl": "0.1.88", "@napi-rs/canvas-win32-arm64-msvc": "0.1.88", "@napi-rs/canvas-win32-x64-msvc": "0.1.88" } }, "sha512-/p08f93LEbsL5mDZFQ3DBxcPv/I4QG9EDYRRq1WNlCOXVfAHBTHMSVMwxlqG/AtnSfUr9+vgfN7MKiyDo0+Weg=="],

    "@napi-rs/canvas-android-arm64": ["@napi-rs/canvas-android-arm64@0.1.88", "", { "os": "android", "cpu": "arm64" }, "sha512-KEaClPnZuVxJ8smUWjV1wWFkByBO/D+vy4lN+Dm5DFH514oqwukxKGeck9xcKJhaWJGjfruGmYGiwRe//+/zQQ=="],

    "@napi-rs/canvas-darwin-arm64": ["@napi-rs/canvas-darwin-arm64@0.1.88", "", { "os": "darwin", "cpu": "arm64" }, "sha512-Xgywz0dDxOKSgx3eZnK85WgGMmGrQEW7ZLA/E7raZdlEE+xXCozobgqz2ZvYigpB6DJFYkqnwHjqCOTSDGlFdg=="],

    "@napi-rs/canvas-darwin-x64": ["@napi-rs/canvas-darwin-x64@0.1.88", "", { "os": "darwin", "cpu": "x64" }, "sha512-Yz4wSCIQOUgNucgk+8NFtQxQxZV5NO8VKRl9ePKE6XoNyNVC8JDqtvhh3b3TPqKK8W5p2EQpAr1rjjm0mfBxdg=="],

    "@napi-rs/canvas-linux-arm-gnueabihf": ["@napi-rs/canvas-linux-arm-gnueabihf@0.1.88", "", { "os": "linux", "cpu": "arm" }, "sha512-9gQM2SlTo76hYhxHi2XxWTAqpTOb+JtxMPEIr+H5nAhHhyEtNmTSDRtz93SP7mGd2G3Ojf2oF5tP9OdgtgXyKg=="],

    "@napi-rs/canvas-linux-arm64-gnu": ["@napi-rs/canvas-linux-arm64-gnu@0.1.88", "", { "os": "linux", "cpu": "arm64" }, "sha512-7qgaOBMXuVRk9Fzztzr3BchQKXDxGbY+nwsovD3I/Sx81e+sX0ReEDYHTItNb0Je4NHbAl7D0MKyd4SvUc04sg=="],

    "@napi-rs/canvas-linux-arm64-musl": ["@napi-rs/canvas-linux-arm64-musl@0.1.88", "", { "os": "linux", "cpu": "arm64" }, "sha512-kYyNrUsHLkoGHBc77u4Unh067GrfiCUMbGHC2+OTxbeWfZkPt2o32UOQkhnSswKd9Fko/wSqqGkY956bIUzruA=="],

    "@napi-rs/canvas-linux-riscv64-gnu": ["@napi-rs/canvas-linux-riscv64-gnu@0.1.88", "", { "os": "linux", "cpu": "none" }, "sha512-HVuH7QgzB0yavYdNZDRyAsn/ejoXB0hn8twwFnOqUbCCdkV+REna7RXjSR7+PdfW0qMQ2YYWsLvVBT5iL/mGpw=="],

    "@napi-rs/canvas-linux-x64-gnu": ["@napi-rs/canvas-linux-x64-gnu@0.1.88", "", { "os": "linux", "cpu": "x64" }, "sha512-hvcvKIcPEQrvvJtJnwD35B3qk6umFJ8dFIr8bSymfrSMem0EQsfn1ztys8ETIFndTwdNWJKWluvxztA41ivsEw=="],

    "@napi-rs/canvas-linux-x64-musl": ["@napi-rs/canvas-linux-x64-musl@0.1.88", "", { "os": "linux", "cpu": "x64" }, "sha512-eSMpGYY2xnZSQ6UxYJ6plDboxq4KeJ4zT5HaVkUnbObNN6DlbJe0Mclh3wifAmquXfrlgTZt6zhHsUgz++AK6g=="],

    "@napi-rs/canvas-win32-arm64-msvc": ["@napi-rs/canvas-win32-arm64-msvc@0.1.88", "", { "os": "win32", "cpu": "arm64" }, "sha512-qcIFfEgHrchyYqRrxsCeTQgpJZ/GqHiqPcU/Fvw/ARVlQeDX1VyFH+X+0gCR2tca6UJrq96vnW+5o7buCq+erA=="],

    "@napi-rs/canvas-win32-x64-msvc": ["@napi-rs/canvas-win32-x64-msvc@0.1.88", "", { "os": "win32", "cpu": "x64" }, "sha512-ROVqbfS4QyZxYkqmaIBBpbz/BQvAR+05FXM5PAtTYVc0uyY8Y4BHJSMdGAaMf6TdIVRsQsiq+FG/dH9XhvWCFQ=="],

    "@swc/helpers": ["@swc/helpers@0.5.18", "", { "dependencies": { "tslib": "^2.8.0" } }, "sha512-TXTnIcNJQEKwThMMqBXsZ4VGAza6bvN4pa41Rkqoio6QBKMvo+5lexeTMScGCIxtzgQJzElcvIltani+adC5PQ=="],

    "@types/bun": ["@types/bun@1.3.5", "", { "dependencies": { "bun-types": "1.3.5" } }, "sha512-RnygCqNrd3srIPEWBd5LFeUYG7plCoH2Yw9WaZGyNmdTEei+gWaHqydbaIRkIkcbXwhBT94q78QljxN0Sk838w=="],

    "@types/fontkit": ["@types/fontkit@2.0.8", "", { "dependencies": { "@types/node": "*" } }, "sha512-wN+8bYxIpJf+5oZdrdtaX04qUuWHcKxcDEgRS9Qm9ZClSHjzEn13SxUC+5eRM+4yXIeTYk8mTzLAWGF64847ew=="],

    "@types/node": ["@types/node@25.0.3", "", { "dependencies": { "undici-types": "~7.16.0" } }, "sha512-W609buLVRVmeW693xKfzHeIV6nJGGz98uCPfeXI1ELMLXVeKYZ9m15fAMSaUPBHYLGFsVRcMmSCksQOrZV9BYA=="],

    "base64-js": ["base64-js@1.5.1", "", {}, "sha512-AKpaYlHn8t4SVbOHCy+b5+KKgvR4vrsD8vbvrbiQJps7fKDTkjkDry6ji0rUJjC0kzbNePLwzxq8iypo41qeWA=="],

    "brotli": ["brotli@1.3.3", "", { "dependencies": { "base64-js": "^1.1.2" } }, "sha512-oTKjJdShmDuGW94SyyaoQvAjf30dZaHnjJ8uAF+u2/vGJkJbJPJAT1gDiOJP5v1Zb6f9KEyW/1HpuaWIXtGHPg=="],

    "bun-types": ["bun-types@1.3.5", "", { "dependencies": { "@types/node": "*" } }, "sha512-inmAYe2PFLs0SUbFOWSVD24sg1jFlMPxOjOSSCYqUgn4Hsc3rDc7dFvfVYjFPNHtov6kgUeulV4SxbuIV/stPw=="],

    "clone": ["clone@2.1.2", "", {}, "sha512-3Pe/CF1Nn94hyhIYpjtiLhdCoEoz0DqQ+988E9gmeEdQZlojxnOb74wctFyuwWQHzqyf9X7C7MG8juUpqBJT8w=="],

    "dfa": ["dfa@1.2.0", "", {}, "sha512-ED3jP8saaweFTjeGX8HQPjeC1YYyZs98jGNZx6IiBvxW7JG5v492kamAQB3m2wop07CvU/RQmzcKr6bgcC5D/Q=="],

    "fast-deep-equal": ["fast-deep-equal@3.1.3", "", {}, "sha512-f3qQ9oQy9j2AhBe/H9VC91wLmKBCCU/gDOnKNAYG5hswO7BLKj09Hc5HYNz9cGI++xlpDCIgDaitVs03ATR84Q=="],

    "fontkit": ["fontkit@2.0.4", "", { "dependencies": { "@swc/helpers": "^0.5.12", "brotli": "^1.3.2", "clone": "^2.1.2", "dfa": "^1.2.0", "fast-deep-equal": "^3.1.3", "restructure": "^3.0.0", "tiny-inflate": "^1.0.3", "unicode-properties": "^1.4.0", "unicode-trie": "^2.0.0" } }, "sha512-syetQadaUEDNdxdugga9CpEYVaQIxOwk7GlwZWWZ19//qW4zE5bknOKeMBDYAASwnpaSHKJITRLMF9m1fp3s6g=="],

    "pako": ["pako@0.2.9", "", {}, "sha512-NUcwaKxUxWrZLpDG+z/xZaCgQITkA/Dv4V/T6bw7VON6l1Xz/VnrBqrYjZQ12TamKHzITTfOEIYUj48y2KXImA=="],

    "restructure": ["restructure@3.0.2", "", {}, "sha512-gSfoiOEA0VPE6Tukkrr7I0RBdE0s7H1eFCDBk05l1KIQT1UIKNc5JZy6jdyW6eYH3aR3g5b3PuL77rq0hvwtAw=="],

    "tiny-inflate": ["tiny-inflate@1.0.3", "", {}, "sha512-pkY1fj1cKHb2seWDy0B16HeWyczlJA9/WW3u3c4z/NiWDsO3DOU5D7nhTLE9CF0yXv/QZFY7sEJmj24dK+Rrqw=="],

    "tslib": ["tslib@2.8.1", "", {}, "sha512-oJFu94HQb+KVduSUQL7wnpmqnfmLsOA/nAh6b6EH0wCEoK0/mPeXU6c3wKDV83MkOuHPRHtSXKKU99IBazS/2w=="],

    "undici-types": ["undici-types@7.16.0", "", {}, "sha512-Zz+aZWSj8LE6zoxD+xrjh4VfkIG8Ya6LvYkZqtUQGJPZjYl53ypCaUwWqo7eI0x66KBGeRo+mlBEkMSeSZ38Nw=="],

    "unicode-properties": ["unicode-properties@1.4.1", "", { "dependencies": { "base64-js": "^1.3.0", "unicode-trie": "^2.0.0" } }, "sha512-CLjCCLQ6UuMxWnbIylkisbRj31qxHPAurvena/0iwSVbQ2G1VY5/HjV0IRabOEbDHlzZlRdCrD4NhB0JtU40Pg=="],

    "unicode-trie": ["unicode-trie@2.0.0", "", { "dependencies": { "pako": "^0.2.5", "tiny-inflate": "^1.0.0" } }, "sha512-x7bc76x0bm4prf1VLg79uhAzKw8DVboClSN5VxJuQ+LKDOVEW9CdH+VY7SP+vX7xCYQqzzgQpFqz15zeLvAtZQ=="],
  }
}
